{
  "name": "control-sdk",
  "version": "6.4.0",
  "lockfileVersion": 3,
  "requires": true,
  "packages": {
    "": {
      "name": "control-sdk",
      "version": "6.4.0",
      "license": "MIT",
      "devDependencies": {
        "husky": "9.1.7",
        "lint-staged": "17.1.0"
      },
      "engines": {
        "node": ">=22.17.0 || >24.x"
      }
    },
    "node_modules/husky": {
      "version": "9.1.7",
      "dev": true,
      "license": "MIT",
      "bin": {
        "husky": "bin.js"
      },
      "engines": {
        "node": ">=18"
      },
      "funding": {
        "url": "https://github.com/sponsors/typicode"
      }
    },
    "node_modules/lint-staged": {
      "version": "17.1.0",
      "dev": true,
      "license": "MIT",
      "dependencies": {
        "picomatch": "^4.0.5",
        "string-argv": "^0.3.2",
        "tinyexec": "^1.2.4"
      },
      "bin": {
        "lint-staged": "bin/lint-staged.js"
      },
      "engines": {
        "node": ">=22.22.1"
      },
      "funding": {
        "url": "https://opencollective.com/lint-staged"
      },
      "optionalDependencies": {
        "yaml": "^2.9.0"
      }
    },
    "node_modules/picomatch": {
      "version": "4.0.5",
      "dev": true,
      "license": "MIT",
      "engines": {
        "node": ">=12"
      },
      "funding": {
        "url": "https://github.com/sponsors/jonschlinkert"
      }
    },
    "node_modules/string-argv": {
      "version": "0.3.2",
      "dev": true,
      "license": "MIT",
      "engines": {
        "node": ">=0.6.19"
      }
    },
    "node_modules/tinyexec": {
      "version": "1.2.4",
      "dev": true,
      "license": "MIT",
      "engines": {
        "node": ">=18"
      }
    },
    "node_modules/yaml": {
      "version": "2.9.0",
      "dev": true,
      "license": "ISC",
      "optional": true,
      "bin": {
        "yaml": "bin.mjs"
      },
      "engines": {
        "node": ">= 14.6"
      },
      "funding": {
        "url": "https://github.com/sponsors/eemeli"
      }
    }
  }
}
